// !$*UTF8*$!
{
	archiveVersion = 1;
	classes = {
	};
	objectVersion = 56;
	objects = {

/* Begin PBXBuildFile section */
		4809E1DF2A0831CB003F954C /* RecordScreen.swift in Sources */ = {isa = PBXBuildFile; fileRef = 4809E1DE2A0831CB003F954C /* RecordScreen.swift */; };
		480C726B2A1E739E008057A2 /* SpeechImprovement_ML 12.mlmodel in Sources */ = {isa = PBXBuildFile; fileRef = 480C726A2A1E739E008057A2 /* SpeechImprovement_ML 12.mlmodel */; };
		480C726D2A1E748C008057A2 /* SpeechImprovement_ML 13.mlmodel in Sources */ = {isa = PBXBuildFile; fileRef = 480C726C2A1E748C008057A2 /* SpeechImprovement_ML 13.mlmodel */; };
		480C726F2A1E751B008057A2 /* SpeechImprovement_ML 14.mlmodel in Sources */ = {isa = PBXBuildFile; fileRef = 480C726E2A1E751B008057A2 /* SpeechImprovement_ML 14.mlmodel */; };
		482A77792A0BFBBB00E3DF89 /* ScoreModels.swift in Sources */ = {isa = PBXBuildFile; fileRef = 482A77722A0BFBBB00E3DF89 /* ScoreModels.swift */; };
		482A777A2A0BFBBB00E3DF89 /* ScoreScreen.swift in Sources */ = {isa = PBXBuildFile; fileRef = 482A77732A0BFBBB00E3DF89 /* ScoreScreen.swift */; };
		482A777C2A0BFBBB00E3DF89 /* ArchivedRunRow.swift in Sources */ = {isa = PBXBuildFile; fileRef = 482A77752A0BFBBB00E3DF89 /* ArchivedRunRow.swift */; };
		482A777D2A0BFBBB00E3DF89 /* IntermediateScreen.swift in Sources */ = {isa = PBXBuildFile; fileRef = 482A77762A0BFBBB00E3DF89 /* IntermediateScreen.swift */; };
		482A777E2A0BFBBB00E3DF89 /* ScoreData.swift in Sources */ = {isa = PBXBuildFile; fileRef = 482A77772A0BFBBB00E3DF89 /* ScoreData.swift */; };
		482A777F2A0BFBBB00E3DF89 /* ArchivesScreen.swift in Sources */ = {isa = PBXBuildFile; fileRef = 482A77782A0BFBBB00E3DF89 /* ArchivesScreen.swift */; };
		4838DCE92A0318F70045380C /* SpeechImprovementApp.swift in Sources */ = {isa = PBXBuildFile; fileRef = 4838DCE82A0318F70045380C /* SpeechImprovementApp.swift */; };
		4838DCED2A0318FA0045380C /* Assets.xcassets in Resources */ = {isa = PBXBuildFile; fileRef = 4838DCEC2A0318FA0045380C /* Assets.xcassets */; };
		4838DD4B2A0327BB0045380C /* HomeScreen.swift in Sources */ = {isa = PBXBuildFile; fileRef = 4838DD4A2A0327BB0045380C /* HomeScreen.swift */; };
		48659CB52A2526F000F19B79 /* Color+Codable.swift in Sources */ = {isa = PBXBuildFile; fileRef = 48659CB42A2526F000F19B79 /* Color+Codable.swift */; };
		48659CB72A25508A00F19B79 /* GoogleService-Info.plist in Resources */ = {isa = PBXBuildFile; fileRef = 48659CB62A25508A00F19B79 /* GoogleService-Info.plist */; };
		48659CBA2A25537300F19B79 /* FirebaseAuth in Frameworks */ = {isa = PBXBuildFile; productRef = 48659CB92A25537300F19B79 /* FirebaseAuth */; };
		48659CBC2A255E6500F19B79 /* Login.swift in Sources */ = {isa = PBXBuildFile; fileRef = 48659CBB2A255E6500F19B79 /* Login.swift */; };
		48F46FD22A259EB300CF3BC0 /* AuthenticationViewModel.swift in Sources */ = {isa = PBXBuildFile; fileRef = 48F46FD12A259EB200CF3BC0 /* AuthenticationViewModel.swift */; };
		48F46FD42A25A50D00CF3BC0 /* Signup.swift in Sources */ = {isa = PBXBuildFile; fileRef = 48F46FD32A25A50D00CF3BC0 /* Signup.swift */; };
		48F46FD62A26447900CF3BC0 /* AuthenticatedView.swift in Sources */ = {isa = PBXBuildFile; fileRef = 48F46FD52A26447900CF3BC0 /* AuthenticatedView.swift */; };
		48F46FD82A26449700CF3BC0 /* AuthenticationView.swift in Sources */ = {isa = PBXBuildFile; fileRef = 48F46FD72A26449700CF3BC0 /* AuthenticationView.swift */; };
		48F46FDA2A2645BB00CF3BC0 /* UserProfileView.swift in Sources */ = {isa = PBXBuildFile; fileRef = 48F46FD92A2645BB00CF3BC0 /* UserProfileView.swift */; };
		48F5F9F92A1FF4CC008DC78D /* SpeechImprovement_ML 10.mlmodel in Sources */ = {isa = PBXBuildFile; fileRef = 48F5F9F82A1FF4CC008DC78D /* SpeechImprovement_ML 10.mlmodel */; };
		48F833902A034D3800307186 /* CircleImage.swift in Sources */ = {isa = PBXBuildFile; fileRef = 48F8338F2A034D3700307186 /* CircleImage.swift */; };
		48FE7FF02A1E65860041EA3D /* SoundModel.swift in Sources */ = {isa = PBXBuildFile; fileRef = 48FE7FEF2A1E65860041EA3D /* SoundModel.swift */; };
		48FE7FF82A1E67820041EA3D /* toneModel.mlmodel in Sources */ = {isa = PBXBuildFile; fileRef = 48FE7FF62A1E67420041EA3D /* toneModel.mlmodel */; };
/* End PBXBuildFile section */

/* Begin PBXFileReference section */
		4809E1DE2A0831CB003F954C /* RecordScreen.swift */ = {isa = PBXFileReference; lastKnownFileType = sourcecode.swift; path = RecordScreen.swift; sourceTree = "<group>"; };
		480C726A2A1E739E008057A2 /* SpeechImprovement_ML 12.mlmodel */ = {isa = PBXFileReference; lastKnownFileType = file.mlmodel; path = "SpeechImprovement_ML 12.mlmodel"; sourceTree = "<group>"; };
		480C726C2A1E748C008057A2 /* SpeechImprovement_ML 13.mlmodel */ = {isa = PBXFileReference; lastKnownFileType = file.mlmodel; path = "SpeechImprovement_ML 13.mlmodel"; sourceTree = "<group>"; };
		480C726E2A1E751B008057A2 /* SpeechImprovement_ML 14.mlmodel */ = {isa = PBXFileReference; lastKnownFileType = file.mlmodel; path = "SpeechImprovement_ML 14.mlmodel"; sourceTree = "<group>"; };
		482A77722A0BFBBB00E3DF89 /* ScoreModels.swift */ = {isa = PBXFileReference; fileEncoding = 4; lastKnownFileType = sourcecode.swift; path = ScoreModels.swift; sourceTree = "<group>"; };
		482A77732A0BFBBB00E3DF89 /* ScoreScreen.swift */ = {isa = PBXFileReference; fileEncoding = 4; lastKnownFileType = sourcecode.swift; path = ScoreScreen.swift; sourceTree = "<group>"; };
		482A77752A0BFBBB00E3DF89 /* ArchivedRunRow.swift */ = {isa = PBXFileReference; fileEncoding = 4; lastKnownFileType = sourcecode.swift; path = ArchivedRunRow.swift; sourceTree = "<group>"; };
		482A77762A0BFBBB00E3DF89 /* IntermediateScreen.swift */ = {isa = PBXFileReference; fileEncoding = 4; lastKnownFileType = sourcecode.swift; path = IntermediateScreen.swift; sourceTree = "<group>"; };
		482A77772A0BFBBB00E3DF89 /* ScoreData.swift */ = {isa = PBXFileReference; fileEncoding = 4; lastKnownFileType = sourcecode.swift; path = ScoreData.swift; sourceTree = "<group>"; };
		482A77782A0BFBBB00E3DF89 /* ArchivesScreen.swift */ = {isa = PBXFileReference; fileEncoding = 4; lastKnownFileType = sourcecode.swift; path = ArchivesScreen.swift; sourceTree = "<group>"; };
		4838DCE52A0318F70045380C /* SpeechImprovement.app */ = {isa = PBXFileReference; explicitFileType = wrapper.application; includeInIndex = 0; path = SpeechImprovement.app; sourceTree = BUILT_PRODUCTS_DIR; };
		4838DCE82A0318F70045380C /* SpeechImprovementApp.swift */ = {isa = PBXFileReference; lastKnownFileType = sourcecode.swift; path = SpeechImprovementApp.swift; sourceTree = "<group>"; };
		4838DCEC2A0318FA0045380C /* Assets.xcassets */ = {isa = PBXFileReference; lastKnownFileType = folder.assetcatalog; path = Assets.xcassets; sourceTree = "<group>"; };
		4838DCF92A0318FA0045380C /* SpeechImprovementTests.swift */ = {isa = PBXFileReference; lastKnownFileType = sourcecode.swift; path = SpeechImprovementTests.swift; sourceTree = "<group>"; };
		4838DD032A0318FA0045380C /* SpeechImprovementUITests.swift */ = {isa = PBXFileReference; lastKnownFileType = sourcecode.swift; path = SpeechImprovementUITests.swift; sourceTree = "<group>"; };
		4838DD052A0318FA0045380C /* SpeechImprovementUITestsLaunchTests.swift */ = {isa = PBXFileReference; lastKnownFileType = sourcecode.swift; path = SpeechImprovementUITestsLaunchTests.swift; sourceTree = "<group>"; };
		4838DD4A2A0327BB0045380C /* HomeScreen.swift */ = {isa = PBXFileReference; lastKnownFileType = sourcecode.swift; path = HomeScreen.swift; sourceTree = "<group>"; };
		48659CB42A2526F000F19B79 /* Color+Codable.swift */ = {isa = PBXFileReference; fileEncoding = 4; lastKnownFileType = sourcecode.swift; path = "Color+Codable.swift"; sourceTree = "<group>"; };
		48659CB62A25508A00F19B79 /* GoogleService-Info.plist */ = {isa = PBXFileReference; fileEncoding = 4; lastKnownFileType = text.plist.xml; path = "GoogleService-Info.plist"; sourceTree = "<group>"; };
		48659CBB2A255E6500F19B79 /* Login.swift */ = {isa = PBXFileReference; lastKnownFileType = sourcecode.swift; path = Login.swift; sourceTree = "<group>"; };
		48E6946A2A12B50000150E3C /* Info.plist */ = {isa = PBXFileReference; fileEncoding = 4; lastKnownFileType = text.plist.xml; path = Info.plist; sourceTree = "<group>"; };
		48F46FD12A259EB200CF3BC0 /* AuthenticationViewModel.swift */ = {isa = PBXFileReference; fileEncoding = 4; lastKnownFileType = sourcecode.swift; path = AuthenticationViewModel.swift; sourceTree = "<group>"; };
		48F46FD32A25A50D00CF3BC0 /* Signup.swift */ = {isa = PBXFileReference; fileEncoding = 4; lastKnownFileType = sourcecode.swift; path = Signup.swift; sourceTree = "<group>"; };
		48F46FD52A26447900CF3BC0 /* AuthenticatedView.swift */ = {isa = PBXFileReference; fileEncoding = 4; lastKnownFileType = sourcecode.swift; path = AuthenticatedView.swift; sourceTree = "<group>"; };
		48F46FD72A26449700CF3BC0 /* AuthenticationView.swift */ = {isa = PBXFileReference; fileEncoding = 4; lastKnownFileType = sourcecode.swift; path = AuthenticationView.swift; sourceTree = "<group>"; };
		48F46FD92A2645BB00CF3BC0 /* UserProfileView.swift */ = {isa = PBXFileReference; fileEncoding = 4; lastKnownFileType = sourcecode.swift; path = UserProfileView.swift; sourceTree = "<group>"; };
		48F5F9F82A1FF4CC008DC78D /* SpeechImprovement_ML 10.mlmodel */ = {isa = PBXFileReference; lastKnownFileType = file.mlmodel; path = "SpeechImprovement_ML 10.mlmodel"; sourceTree = "<group>"; };
		48F8338F2A034D3700307186 /* CircleImage.swift */ = {isa = PBXFileReference; lastKnownFileType = sourcecode.swift; path = CircleImage.swift; sourceTree = "<group>"; };
		48FE7FEF2A1E65860041EA3D /* SoundModel.swift */ = {isa = PBXFileReference; lastKnownFileType = sourcecode.swift; path = SoundModel.swift; sourceTree = "<group>"; };
		48FE7FF62A1E67420041EA3D /* toneModel.mlmodel */ = {isa = PBXFileReference; lastKnownFileType = file.mlmodel; path = toneModel.mlmodel; sourceTree = "<group>"; };
/* End PBXFileReference section */

/* Begin PBXFrameworksBuildPhase section */
		4838DCE22A0318F70045380C /* Frameworks */ = {
			isa = PBXFrameworksBuildPhase;
			buildActionMask = 2147483647;
			files = (
				48659CBA2A25537300F19B79 /* FirebaseAuth in Frameworks */,
			);
			runOnlyForDeploymentPostprocessing = 0;
		};
/* End PBXFrameworksBuildPhase section */

/* Begin PBXGroup section */
		4838DCDC2A0318F70045380C = {
			isa = PBXGroup;
			children = (
				4838DCE72A0318F70045380C /* SpeechImprovement */,
				4838DCF82A0318FA0045380C /* SpeechImprovementTests */,
				4838DD022A0318FA0045380C /* SpeechImprovementUITests */,
				4838DCE62A0318F70045380C /* Products */,
			);
			sourceTree = "<group>";
		};
		4838DCE62A0318F70045380C /* Products */ = {
			isa = PBXGroup;
			children = (
				4838DCE52A0318F70045380C /* SpeechImprovement.app */,
			);
			name = Products;
			sourceTree = "<group>";
		};
		4838DCE72A0318F70045380C /* SpeechImprovement */ = {
			isa = PBXGroup;
			children = (
				48FE7FF72A1E67740041EA3D /* Models */,
				48E6946A2A12B50000150E3C /* Info.plist */,
				4838DCE82A0318F70045380C /* SpeechImprovementApp.swift */,
				4838DD4A2A0327BB0045380C /* HomeScreen.swift */,
				482A77752A0BFBBB00E3DF89 /* ArchivedRunRow.swift */,
				482A77782A0BFBBB00E3DF89 /* ArchivesScreen.swift */,
				4809E1DE2A0831CB003F954C /* RecordScreen.swift */,
				482A77762A0BFBBB00E3DF89 /* IntermediateScreen.swift */,
				482A77772A0BFBBB00E3DF89 /* ScoreData.swift */,
				482A77722A0BFBBB00E3DF89 /* ScoreModels.swift */,
				48659CB42A2526F000F19B79 /* Color+Codable.swift */,
				48FE7FEF2A1E65860041EA3D /* SoundModel.swift */,
				482A77732A0BFBBB00E3DF89 /* ScoreScreen.swift */,
				48F8338F2A034D3700307186 /* CircleImage.swift */,
				48F46FDB2A264C6800CF3BC0 /* Authentication */,
				4838DCEC2A0318FA0045380C /* Assets.xcassets */,
				48659CB62A25508A00F19B79 /* GoogleService-Info.plist */,
			);
			path = SpeechImprovement;
			sourceTree = "<group>";
		};
		4838DCF82A0318FA0045380C /* SpeechImprovementTests */ = {
			isa = PBXGroup;
			children = (
				4838DCF92A0318FA0045380C /* SpeechImprovementTests.swift */,
			);
			path = SpeechImprovementTests;
			sourceTree = "<group>";
		};
		4838DD022A0318FA0045380C /* SpeechImprovementUITests */ = {
			isa = PBXGroup;
			children = (
				4838DD032A0318FA0045380C /* SpeechImprovementUITests.swift */,
				4838DD052A0318FA0045380C /* SpeechImprovementUITestsLaunchTests.swift */,
			);
			path = SpeechImprovementUITests;
			sourceTree = "<group>";
		};
		48F46FDB2A264C6800CF3BC0 /* Authentication */ = {
			isa = PBXGroup;
			children = (
				48659CBB2A255E6500F19B79 /* Login.swift */,
				48F46FD32A25A50D00CF3BC0 /* Signup.swift */,
				48F46FD52A26447900CF3BC0 /* AuthenticatedView.swift */,
				48F46FD72A26449700CF3BC0 /* AuthenticationView.swift */,
				48F46FD92A2645BB00CF3BC0 /* UserProfileView.swift */,
				48F46FD12A259EB200CF3BC0 /* AuthenticationViewModel.swift */,
			);
			path = Authentication;
			sourceTree = "<group>";
		};
		48FE7FF72A1E67740041EA3D /* Models */ = {
			isa = PBXGroup;
			children = (
				48F5F9F82A1FF4CC008DC78D /* SpeechImprovement_ML 10.mlmodel */,
				480C726E2A1E751B008057A2 /* SpeechImprovement_ML 14.mlmodel */,
				480C726C2A1E748C008057A2 /* SpeechImprovement_ML 13.mlmodel */,
				480C726A2A1E739E008057A2 /* SpeechImprovement_ML 12.mlmodel */,
				48FE7FF62A1E67420041EA3D /* toneModel.mlmodel */,
			);
			path = Models;
			sourceTree = "<group>";
		};
/* End PBXGroup section */

/* Begin PBXNativeTarget section */
		4838DCE42A0318F70045380C /* SpeechImprovement */ = {
			isa = PBXNativeTarget;
			buildConfigurationList = 4838DD092A0318FA0045380C /* Build configuration list for PBXNativeTarget "SpeechImprovement" */;
			buildPhases = (
				4838DCE12A0318F70045380C /* Sources */,
				4838DCE22A0318F70045380C /* Frameworks */,
				4838DCE32A0318F70045380C /* Resources */,
			);
			buildRules = (
			);
			dependencies = (
			);
			name = SpeechImprovement;
			packageProductDependencies = (
				48659CB92A25537300F19B79 /* FirebaseAuth */,
			);
			productName = SpeechImprovement;
			productReference = 4838DCE52A0318F70045380C /* SpeechImprovement.app */;
			productType = "com.apple.product-type.application";
		};
/* End PBXNativeTarget section */

/* Begin PBXProject section */
		4838DCDD2A0318F70045380C /* Project object */ = {
			isa = PBXProject;
			attributes = {
				BuildIndependentTargetsInParallel = 1;
				LastSwiftUpdateCheck = 1430;
				LastUpgradeCheck = 1430;
				TargetAttributes = {
					4838DCE42A0318F70045380C = {
						CreatedOnToolsVersion = 14.3;
					};
				};
			};
			buildConfigurationList = 4838DCE02A0318F70045380C /* Build configuration list for PBXProject "SpeechImprovement" */;
			compatibilityVersion = "Xcode 14.0";
			developmentRegion = en;
			hasScannedForEncodings = 0;
			knownRegions = (
				en,
				Base,
			);
			mainGroup = 4838DCDC2A0318F70045380C;
			packageReferences = (
				48659CB82A25537300F19B79 /* XCRemoteSwiftPackageReference "firebase-ios-sdk" */,
			);
			productRefGroup = 4838DCE62A0318F70045380C /* Products */;
			projectDirPath = "";
			projectRoot = "";
			targets = (
				4838DCE42A0318F70045380C /* SpeechImprovement */,
			);
		};
/* End PBXProject section */

/* Begin PBXResourcesBuildPhase section */
		4838DCE32A0318F70045380C /* Resources */ = {
			isa = PBXResourcesBuildPhase;
			buildActionMask = 2147483647;
			files = (
				4838DCED2A0318FA0045380C /* Assets.xcassets in Resources */,
				48659CB72A25508A00F19B79 /* GoogleService-Info.plist in Resources */,
			);
			runOnlyForDeploymentPostprocessing = 0;
		};
/* End PBXResourcesBuildPhase section */

/* Begin PBXSourcesBuildPhase section */
		4838DCE12A0318F70045380C /* Sources */ = {
			isa = PBXSourcesBuildPhase;
			buildActionMask = 2147483647;
			files = (
				48FE7FF82A1E67820041EA3D /* toneModel.mlmodel in Sources */,
				48F46FD42A25A50D00CF3BC0 /* Signup.swift in Sources */,
				48659CBC2A255E6500F19B79 /* Login.swift in Sources */,
				48F46FD22A259EB300CF3BC0 /* AuthenticationViewModel.swift in Sources */,
				48FE7FF02A1E65860041EA3D /* SoundModel.swift in Sources */,
				482A77792A0BFBBB00E3DF89 /* ScoreModels.swift in Sources */,
				482A777D2A0BFBBB00E3DF89 /* IntermediateScreen.swift in Sources */,
				4809E1DF2A0831CB003F954C /* RecordScreen.swift in Sources */,
				482A777C2A0BFBBB00E3DF89 /* ArchivedRunRow.swift in Sources */,
				4838DCE92A0318F70045380C /* SpeechImprovementApp.swift in Sources */,
				48F46FD62A26447900CF3BC0 /* AuthenticatedView.swift in Sources */,
				482A777A2A0BFBBB00E3DF89 /* ScoreScreen.swift in Sources */,
				480C726B2A1E739E008057A2 /* SpeechImprovement_ML 12.mlmodel in Sources */,
				480C726F2A1E751B008057A2 /* SpeechImprovement_ML 14.mlmodel in Sources */,
				48F46FDA2A2645BB00CF3BC0 /* UserProfileView.swift in Sources */,
				480C726D2A1E748C008057A2 /* SpeechImprovement_ML 13.mlmodel in Sources */,
				482A777F2A0BFBBB00E3DF89 /* ArchivesScreen.swift in Sources */,
				48F833902A034D3800307186 /* CircleImage.swift in Sources */,
				482A777E2A0BFBBB00E3DF89 /* ScoreData.swift in Sources */,
				48F46FD82A26449700CF3BC0 /* AuthenticationView.swift in Sources */,
				48F5F9F92A1FF4CC008DC78D /* SpeechImprovement_ML 10.mlmodel in Sources */,
				48659CB52A2526F000F19B79 /* Color+Codable.swift in Sources */,
				4838DD4B2A0327BB0045380C /* HomeScreen.swift in Sources */,
			);
			runOnlyForDeploymentPostprocessing = 0;
		};
/* End PBXSourcesBuildPhase section */

/* Begin XCBuildConfiguration section */
		4838DD072A0318FA0045380C /* Debug */ = {
			isa = XCBuildConfiguration;
			buildSettings = {
				ALWAYS_SEARCH_USER_PATHS = NO;
				CLANG_ANALYZER_NONNULL = YES;
				CLANG_ANALYZER_NUMBER_OBJECT_CONVERSION = YES_AGGRESSIVE;
				CLANG_CXX_LANGUAGE_STANDARD = "gnu++20";
				CLANG_ENABLE_MODULES = YES;
				CLANG_ENABLE_OBJC_ARC = YES;
				CLANG_ENABLE_OBJC_WEAK = YES;
				CLANG_WARN_BLOCK_CAPTURE_AUTORELEASING = YES;
				CLANG_WARN_BOOL_CONVERSION = YES;
				CLANG_WARN_COMMA = YES;
				CLANG_WARN_CONSTANT_CONVERSION = YES;
				CLANG_WARN_DEPRECATED_OBJC_IMPLEMENTATIONS = YES;
				CLANG_WARN_DIRECT_OBJC_ISA_USAGE = YES_ERROR;
				CLANG_WARN_DOCUMENTATION_COMMENTS = YES;
				CLANG_WARN_EMPTY_BODY = YES;
				CLANG_WARN_ENUM_CONVERSION = YES;
				CLANG_WARN_INFINITE_RECURSION = YES;
				CLANG_WARN_INT_CONVERSION = YES;
				CLANG_WARN_NON_LITERAL_NULL_CONVERSION = YES;
				CLANG_WARN_OBJC_IMPLICIT_RETAIN_SELF = YES;
				CLANG_WARN_OBJC_LITERAL_CONVERSION = YES;
				CLANG_WARN_OBJC_ROOT_CLASS = YES_ERROR;
				CLANG_WARN_QUOTED_INCLUDE_IN_FRAMEWORK_HEADER = YES;
				CLANG_WARN_RANGE_LOOP_ANALYSIS = YES;
				CLANG_WARN_STRICT_PROTOTYPES = YES;
				CLANG_WARN_SUSPICIOUS_MOVE = YES;
				CLANG_WARN_UNGUARDED_AVAILABILITY = YES_AGGRESSIVE;
				CLANG_WARN_UNREACHABLE_CODE = YES;
				CLANG_WARN__DUPLICATE_METHOD_MATCH = YES;
				COPY_PHASE_STRIP = NO;
				DEBUG_INFORMATION_FORMAT = dwarf;
				ENABLE_STRICT_OBJC_MSGSEND = YES;
				ENABLE_TESTABILITY = YES;
				GCC_C_LANGUAGE_STANDARD = gnu11;
				GCC_DYNAMIC_NO_PIC = NO;
				GCC_NO_COMMON_BLOCKS = YES;
				GCC_OPTIMIZATION_LEVEL = 0;
				GCC_PREPROCESSOR_DEFINITIONS = (
					"DEBUG=1",
					"$(inherited)",
				);
				GCC_WARN_64_TO_32_BIT_CONVERSION = YES;
				GCC_WARN_ABOUT_RETURN_TYPE = YES_ERROR;
				GCC_WARN_UNDECLARED_SELECTOR = YES;
				GCC_WARN_UNINITIALIZED_AUTOS = YES_AGGRESSIVE;
				GCC_WARN_UNUSED_FUNCTION = YES;
				GCC_WARN_UNUSED_VARIABLE = YES;
				INFOPLIST_FILE = SpeechImprovement/Info.plist;
				IPHONEOS_DEPLOYMENT_TARGET = 16.4;
				MTL_ENABLE_DEBUG_INFO = INCLUDE_SOURCE;
				MTL_FAST_MATH = YES;
				ONLY_ACTIVE_ARCH = YES;
				SDKROOT = iphoneos;
				SWIFT_ACTIVE_COMPILATION_CONDITIONS = DEBUG;
				SWIFT_OPTIMIZATION_LEVEL = "-Onone";
			};
			name = Debug;
		};
		4838DD082A0318FA0045380C /* Release */ = {
			isa = XCBuildConfiguration;
			buildSettings = {
				ALWAYS_SEARCH_USER_PATHS = NO;
				CLANG_ANALYZER_NONNULL = YES;
				CLANG_ANALYZER_NUMBER_OBJECT_CONVERSION = YES_AGGRESSIVE;
				CLANG_CXX_LANGUAGE_STANDARD = "gnu++20";
				CLANG_ENABLE_MODULES = YES;
				CLANG_ENABLE_OBJC_ARC = YES;
				CLANG_ENABLE_OBJC_WEAK = YES;
				CLANG_WARN_BLOCK_CAPTURE_AUTORELEASING = YES;
				CLANG_WARN_BOOL_CONVERSION = YES;
				CLANG_WARN_COMMA = YES;
				CLANG_WARN_CONSTANT_CONVERSION = YES;
				CLANG_WARN_DEPRECATED_OBJC_IMPLEMENTATIONS = YES;
				CLANG_WARN_DIRECT_OBJC_ISA_USAGE = YES_ERROR;
				CLANG_WARN_DOCUMENTATION_COMMENTS = YES;
				CLANG_WARN_EMPTY_BODY = YES;
				CLANG_WARN_ENUM_CONVERSION = YES;
				CLANG_WARN_INFINITE_RECURSION = YES;
				CLANG_WARN_INT_CONVERSION = YES;
				CLANG_WARN_NON_LITERAL_NULL_CONVERSION = YES;
				CLANG_WARN_OBJC_IMPLICIT_RETAIN_SELF = YES;
				CLANG_WARN_OBJC_LITERAL_CONVERSION = YES;
				CLANG_WARN_OBJC_ROOT_CLASS = YES_ERROR;
				CLANG_WARN_QUOTED_INCLUDE_IN_FRAMEWORK_HEADER = YES;
				CLANG_WARN_RANGE_LOOP_ANALYSIS = YES;
				CLANG_WARN_STRICT_PROTOTYPES = YES;
				CLANG_WARN_SUSPICIOUS_MOVE = YES;
				CLANG_WARN_UNGUARDED_AVAILABILITY = YES_AGGRESSIVE;
				CLANG_WARN_UNREACHABLE_CODE = YES;
				CLANG_WARN__DUPLICATE_METHOD_MATCH = YES;
				COPY_PHASE_STRIP = NO;
				DEBUG_INFORMATION_FORMAT = "dwarf-with-dsym";
				ENABLE_NS_ASSERTIONS = NO;
				ENABLE_STRICT_OBJC_MSGSEND = YES;
				GCC_C_LANGUAGE_STANDARD = gnu11;
				GCC_NO_COMMON_BLOCKS = YES;
				GCC_WARN_64_TO_32_BIT_CONVERSION = YES;
				GCC_WARN_ABOUT_RETURN_TYPE = YES_ERROR;
				GCC_WARN_UNDECLARED_SELECTOR = YES;
				GCC_WARN_UNINITIALIZED_AUTOS = YES_AGGRESSIVE;
				GCC_WARN_UNUSED_FUNCTION = YES;
				GCC_WARN_UNUSED_VARIABLE = YES;
				INFOPLIST_FILE = SpeechImprovement/Info.plist;
				IPHONEOS_DEPLOYMENT_TARGET = 16.4;
				MTL_ENABLE_DEBUG_INFO = NO;
				MTL_FAST_MATH = YES;
				SDKROOT = iphoneos;
				SWIFT_COMPILATION_MODE = wholemodule;
				SWIFT_OPTIMIZATION_LEVEL = "-O";
				VALIDATE_PRODUCT = YES;
			};
			name = Release;
		};
		4838DD0A2A0318FA0045380C /* Debug */ = {
			isa = XCBuildConfiguration;
			buildSettings = {
				ASSETCATALOG_COMPILER_APPICON_NAME = AppIcon;
				ASSETCATALOG_COMPILER_GLOBAL_ACCENT_COLOR_NAME = AccentColor;
				CODE_SIGN_STYLE = Automatic;
				CURRENT_PROJECT_VERSION = 1;
				DEVELOPMENT_ASSET_PATHS = "";
				DEVELOPMENT_TEAM = 425XHL28D4;
				ENABLE_PREVIEWS = YES;
				GENERATE_INFOPLIST_FILE = YES;
				INFOPLIST_FILE = SpeechImprovement/Info.plist;
				INFOPLIST_KEY_CFBundleExecutable = SpeechImprovement;
				INFOPLIST_KEY_CFBundleName = SpeechImprovement;
				INFOPLIST_KEY_CFBundleVersion = 1;
				INFOPLIST_KEY_NSMicrophoneUsageDescription = "This application would like access to the microphone to detect and display sounds occurring in the environment.";
				INFOPLIST_KEY_NSSpeechRecognitionUsageDescription = "This app uses speech recognition to convert recorded audio into text.";
				INFOPLIST_KEY_UIApplicationSceneManifest_Generation = YES;
				INFOPLIST_KEY_UIApplicationSupportsIndirectInputEvents = YES;
				INFOPLIST_KEY_UILaunchScreen_Generation = YES;
				INFOPLIST_KEY_UISupportedInterfaceOrientations_iPad = "UIInterfaceOrientationPortrait UIInterfaceOrientationPortraitUpsideDown UIInterfaceOrientationLandscapeLeft UIInterfaceOrientationLandscapeRight";
				INFOPLIST_KEY_UISupportedInterfaceOrientations_iPhone = "UIInterfaceOrientationPortrait UIInterfaceOrientationLandscapeLeft UIInterfaceOrientationLandscapeRight";
				LD_RUNPATH_SEARCH_PATHS = (
					"$(inherited)",
					"@executable_path/Frameworks",
				);
				MARKETING_VERSION = 1.0;
				PRODUCT_BUNDLE_IDENTIFIER = speechImprovementApp;
				PRODUCT_NAME = "$(TARGET_NAME)";
				SWIFT_EMIT_LOC_STRINGS = YES;
				SWIFT_VERSION = 5.0;
				TARGETED_DEVICE_FAMILY = "1,2";
			};
			name = Debug;
		};
		4838DD0B2A0318FA0045380C /* Release */ = {
			isa = XCBuildConfiguration;
			buildSettings = {
				ASSETCATALOG_COMPILER_APPICON_NAME = AppIcon;
				ASSETCATALOG_COMPILER_GLOBAL_ACCENT_COLOR_NAME = AccentColor;
				CODE_SIGN_STYLE = Automatic;
				CURRENT_PROJECT_VERSION = 1;
				DEVELOPMENT_ASSET_PATHS = "";
				DEVELOPMENT_TEAM = 425XHL28D4;
				ENABLE_PREVIEWS = YES;
				GENERATE_INFOPLIST_FILE = YES;
				INFOPLIST_FILE = SpeechImprovement/Info.plist;
				INFOPLIST_KEY_CFBundleExecutable = SpeechImprovement;
				INFOPLIST_KEY_CFBundleName = SpeechImprovement;
				INFOPLIST_KEY_CFBundleVersion = 1;
				INFOPLIST_KEY_NSMicrophoneUsageDescription = "This application would like access to the microphone to detect and display sounds occurring in the environment.";
				INFOPLIST_KEY_NSSpeechRecognitionUsageDescription = "This app uses speech recognition to convert recorded audio into text.";
				INFOPLIST_KEY_UIApplicationSceneManifest_Generation = YES;
				INFOPLIST_KEY_UIApplicationSupportsIndirectInputEvents = YES;
				INFOPLIST_KEY_UILaunchScreen_Generation = YES;
				INFOPLIST_KEY_UISupportedInterfaceOrientations_iPad = "UIInterfaceOrientationPortrait UIInterfaceOrientationPortraitUpsideDown UIInterfaceOrientationLandscapeLeft UIInterfaceOrientationLandscapeRight";
				INFOPLIST_KEY_UISupportedInterfaceOrientations_iPhone = "UIInterfaceOrientationPortrait UIInterfaceOrientationLandscapeLeft UIInterfaceOrientationLandscapeRight";
				LD_RUNPATH_SEARCH_PATHS = (
					"$(inherited)",
					"@executable_path/Frameworks",
				);
				MARKETING_VERSION = 1.0;
				PRODUCT_BUNDLE_IDENTIFIER = speechImprovementApp;
				PRODUCT_NAME = "$(TARGET_NAME)";
				SWIFT_EMIT_LOC_STRINGS = YES;
				SWIFT_VERSION = 5.0;
				TARGETED_DEVICE_FAMILY = "1,2";
			};
			name = Release;
		};
/* End XCBuildConfiguration section */

/* Begin XCConfigurationList section */
		4838DCE02A0318F70045380C /* Build configuration list for PBXProject "SpeechImprovement" */ = {
			isa = XCConfigurationList;
			buildConfigurations = (
				4838DD072A0318FA0045380C /* Debug */,
				4838DD082A0318FA0045380C /* Release */,
			);
			defaultConfigurationIsVisible = 0;
			defaultConfigurationName = Release;
		};
		4838DD092A0318FA0045380C /* Build configuration list for PBXNativeTarget "SpeechImprovement" */ = {
			isa = XCConfigurationList;
			buildConfigurations = (
				4838DD0A2A0318FA0045380C /* Debug */,
				4838DD0B2A0318FA0045380C /* Release */,
			);
			defaultConfigurationIsVisible = 0;
			defaultConfigurationName = Release;
		};
/* End XCConfigurationList section */

/* Begin XCRemoteSwiftPackageReference section */
		48659CB82A25537300F19B79 /* XCRemoteSwiftPackageReference "firebase-ios-sdk" */ = {
			isa = XCRemoteSwiftPackageReference;
			repositoryURL = "https://github.com/firebase/firebase-ios-sdk";
			requirement = {
				kind = upToNextMajorVersion;
				minimumVersion = 10.0.0;
			};
		};
/* End XCRemoteSwiftPackageReference section */

/* Begin XCSwiftPackageProductDependency section */
		48659CB92A25537300F19B79 /* FirebaseAuth */ = {
			isa = XCSwiftPackageProductDependency;
			package = 48659CB82A25537300F19B79 /* XCRemoteSwiftPackageReference "firebase-ios-sdk" */;
			productName = FirebaseAuth;
		};
/* End XCSwiftPackageProductDependency section */
	};
	rootObject = 4838DCDD2A0318F70045380C /* Project object */;
}
